
Microsoft Visual Studio Solution File, Format Version 12.00
# Visual Studio 2013
VisualStudioVersion = 12.0.21005.1
MinimumVisualStudioVersion = 10.0.40219.1
Project("{FAE04EC0-301F-11D3-BF4B-00C04F79EFBC}") = "6251App", "6251App\6251App.csproj", "{A87F2836-6900-4106-B72C-C17359882229}"
EndProject
Project("{FAE04EC0-301F-11D3-BF4B-00C04F79EFBC}") = "6251Test", "UnitTestProject1\6251Test.csproj", "{F38E6FAB-322A-4E74-908D-11E84A0DA87A}"
EndProject
Global
	GlobalSection(SolutionConfigurationPlatforms) = preSolution
		Debug|Any CPU = Debug|Any CPU
		Release|Any CPU = Release|Any CPU
	EndGlobalSection
	GlobalSection(ProjectConfigurationPlatforms) = postSolution
		{A87F2836-6900-4106-B72C-C17359882229}.Debug|Any CPU.ActiveCfg = Debug|Any CPU
		{A87F2836-6900-4106-B72C-C17359882229}.Debug|Any CPU.Build.0 = Debug|Any CPU
		{A87F2836-6900-4106-B72C-C17359882229}.Release|Any CPU.ActiveCfg = Release|Any CPU
		{A87F2836-6900-4106-B72C-C17359882229}.Release|Any CPU.Build.0 = Release|Any CPU
		{F38E6FAB-322A-4E74-908D-11E84A0DA87A}.Debug|Any CPU.ActiveCfg = Debug|Any CPU
		{F38E6FAB-322A-4E74-908D-11E84A0DA87A}.Debug|Any CPU.Build.0 = Debug|Any CPU
		{F38E6FAB-322A-4E74-908D-11E84A0DA87A}.Release|Any CPU.ActiveCfg = Release|Any CPU
		{F38E6FAB-322A-4E74-908D-11E84A0DA87A}.Release|Any CPU.Build.0 = Release|Any CPU
	EndGlobalSection
	GlobalSection(SolutionProperties) = preSolution
		HideSolutionNode = FALSE
	EndGlobalSection
EndGlobal
